
Microsoft Visual Studio Solution File, Format Version 12.00
# Visual Studio Version 16
VisualStudioVersion = 16.0.30011.22
MinimumVisualStudioVersion = 10.0.40219.1
Project("{FAE04EC0-301F-11D3-BF4B-00C04F79EFBC}") = "ShopBridge", "ShopBridge\ShopBridge.csproj", "{27542FFA-BD58-414E-B88B-2E14F24D850E}"
EndProject
Global
	GlobalSection(SolutionConfigurationPlatforms) = preSolution
		Debug|Any CPU = Debug|Any CPU
		Release|Any CPU = Release|Any CPU
	EndGlobalSection
	GlobalSection(ProjectConfigurationPlatforms) = postSolution
		{27542FFA-BD58-414E-B88B-2E14F24D850E}.Debug|Any CPU.ActiveCfg = Debug|Any CPU
		{27542FFA-BD58-414E-B88B-2E14F24D850E}.Debug|Any CPU.Build.0 = Debug|Any CPU
		{27542FFA-BD58-414E-B88B-2E14F24D850E}.Release|Any CPU.ActiveCfg = Release|Any CPU
		{27542FFA-BD58-414E-B88B-2E14F24D850E}.Release|Any CPU.Build.0 = Release|Any CPU
	EndGlobalSection
	GlobalSection(SolutionProperties) = preSolution
		HideSolutionNode = FALSE
	EndGlobalSection
	GlobalSection(ExtensibilityGlobals) = postSolution
		SolutionGuid = {1476916C-B051-486C-B6E8-404A602CEB7E}
	EndGlobalSection
EndGlobal
